# generated by rye
# use `rye lock` or `rye sync` to update this lockfile
#
# last locked with the following flags:
#   pre: false
#   features: []
#   all-features: true
#   with-sources: false
#   generate-hashes: false

-e file:.
aiofiles==23.2.1
    # via aaa-image-enhancement
annotated-types==0.6.0
    # via pydantic
anyio==4.3.0
    # via httpx
    # via starlette
    # via watchfiles
appnope==0.1.4
    # via ipykernel
asttokens==2.4.1
    # via stack-data
attrs==23.2.0
    # via jsonschema
    # via referencing
beautifulsoup4==4.12.3
    # via aaa-image-enhancement
    # via nbconvert
bleach==6.1.0
    # via nbconvert
blinker==1.7.0
    # via flask
brotli==1.1.0
    # via geventhttpclient
certifi==2024.2.2
    # via geventhttpclient
    # via httpcore
    # via httpx
    # via requests
cfgv==3.4.0
    # via pre-commit
charset-normalizer==3.3.2
    # via requests
click==8.1.7
    # via flask
    # via ocrmac
    # via uvicorn
comm==0.2.2
    # via ipykernel
    # via ipywidgets
configargparse==1.7
    # via locust
contourpy==1.2.1
    # via matplotlib
cycler==0.12.1
    # via matplotlib
debugpy==1.8.1
    # via ipykernel
decorator==5.1.1
    # via ipython
defusedxml==0.7.1
    # via nbconvert
dill==0.3.8
    # via multiprocess
distlib==0.3.8
    # via virtualenv
executing==2.0.1
    # via stack-data
fastapi==0.110.2
    # via aaa-image-enhancement
fastjsonschema==2.19.1
    # via nbformat
filelock==3.13.4
    # via torch
    # via virtualenv
flask==3.0.3
    # via aaa-image-enhancement
    # via flask-cors
    # via flask-login
    # via locust
flask-cors==4.0.1
    # via locust
flask-login==0.6.3
    # via locust
fonttools==4.51.0
    # via matplotlib
fsspec==2024.3.1
    # via torch
gevent==24.2.1
    # via geventhttpclient
    # via locust
geventhttpclient==2.3.1
    # via locust
greenlet==3.0.3
    # via gevent
h11==0.14.0
    # via httpcore
    # via uvicorn
httpcore==1.0.5
    # via httpx
httptools==0.6.1
    # via uvicorn
httpx==0.27.0
    # via aaa-image-enhancement
identify==2.5.36
    # via pre-commit
idna==3.7
    # via anyio
    # via httpx
    # via requests
image-dehazer==0.0.9
    # via aaa-image-enhancement
imagehash==4.3.1
    # via aaa-image-enhancement
imageio==2.34.1
    # via scikit-image
iniconfig==2.0.0
    # via pytest
ipykernel==6.29.4
    # via aaa-image-enhancement
ipython==8.24.0
    # via ipykernel
    # via ipywidgets
ipywidgets==8.1.2
    # via aaa-image-enhancement
itsdangerous==2.2.0
    # via flask
jedi==0.19.1
    # via ipython
jinja2==3.1.3
    # via flask
    # via nbconvert
    # via torch
joblib==1.4.0
    # via scikit-learn
jsonschema==4.21.1
    # via nbformat
jsonschema-specifications==2023.12.1
    # via jsonschema
jupyter-client==8.6.1
    # via ipykernel
    # via nbclient
jupyter-core==5.7.2
    # via ipykernel
    # via jupyter-client
    # via nbclient
    # via nbconvert
    # via nbformat
jupyterlab-pygments==0.3.0
    # via nbconvert
jupyterlab-widgets==3.0.10
    # via ipywidgets
kiwisolver==1.4.5
    # via matplotlib
lazy-loader==0.4
    # via scikit-image
locust==2.29.0
    # via aaa-image-enhancement
markupsafe==2.1.5
    # via jinja2
    # via nbconvert
    # via werkzeug
matplotlib==3.8.4
    # via aaa-image-enhancement
matplotlib-inline==0.1.7
    # via ipykernel
    # via ipython
mistune==3.0.2
    # via nbconvert
mpmath==1.3.0
    # via sympy
msgpack==1.0.8
    # via locust
multiprocess==0.70.16
    # via aaa-image-enhancement
mypy==1.10.0
    # via aaa-image-enhancement
mypy-extensions==1.0.0
    # via mypy
nbclient==0.10.0
    # via nbconvert
nbconvert==7.16.3
    # via aaa-image-enhancement
nbformat==5.10.4
    # via nbclient
    # via nbconvert
nest-asyncio==1.6.0
    # via ipykernel
networkx==3.3
    # via scikit-image
    # via torch
nodeenv==1.8.0
    # via pre-commit
numpy==1.26.4
    # via aaa-image-enhancement
    # via contourpy
    # via image-dehazer
    # via imagehash
    # via imageio
    # via matplotlib
    # via opencv-contrib-python
    # via opencv-python
    # via pandas
    # via pywavelets
    # via scikit-image
    # via scikit-learn
    # via scipy
    # via tifffile
    # via torchvision
ocrmac==0.1.6
    # via aaa-image-enhancement
opencv-contrib-python==4.10.0.82
    # via aaa-image-enhancement
opencv-python==4.9.0.80
    # via aaa-image-enhancement
    # via image-dehazer
packaging==24.0
    # via ipykernel
    # via lazy-loader
    # via matplotlib
    # via nbconvert
    # via pytest
    # via scikit-image
pandas==2.2.2
    # via aaa-image-enhancement
pandocfilters==1.5.1
    # via nbconvert
parso==0.8.4
    # via jedi
pexpect==4.9.0
    # via ipython
pillow==10.3.0
    # via imagehash
    # via imageio
    # via matplotlib
    # via ocrmac
    # via scikit-image
    # via torchvision
pip==24.0
    # via aaa-image-enhancement
platformdirs==4.2.1
    # via jupyter-core
    # via virtualenv
pluggy==1.5.0
    # via pytest
pre-commit==3.7.0
    # via aaa-image-enhancement
prompt-toolkit==3.0.43
    # via ipython
psutil==5.9.8
    # via ipykernel
    # via locust
ptyprocess==0.7.0
    # via pexpect
pure-eval==0.2.2
    # via stack-data
pydantic==2.7.1
    # via aaa-image-enhancement
    # via fastapi
pydantic-core==2.18.2
    # via pydantic
pygments==2.17.2
    # via ipython
    # via nbconvert
pyobjc-core==10.2
    # via pyobjc-framework-cocoa
    # via pyobjc-framework-coreml
    # via pyobjc-framework-quartz
    # via pyobjc-framework-vision
pyobjc-framework-cocoa==10.2
    # via pyobjc-framework-coreml
    # via pyobjc-framework-quartz
    # via pyobjc-framework-vision
pyobjc-framework-coreml==10.2
    # via pyobjc-framework-vision
pyobjc-framework-quartz==10.2
    # via pyobjc-framework-vision
pyobjc-framework-vision==10.2
    # via ocrmac
pyparsing==3.1.2
    # via matplotlib
pytest==8.1.2
    # via aaa-image-enhancement
    # via pytest-asyncio
pytest-asyncio==0.23.6
    # via aaa-image-enhancement
python-dateutil==2.9.0.post0
    # via jupyter-client
    # via matplotlib
    # via pandas
python-dotenv==1.0.1
    # via uvicorn
python-multipart==0.0.9
    # via aaa-image-enhancement
pytz==2024.1
    # via pandas
pywavelets==1.6.0
    # via aaa-image-enhancement
    # via imagehash
pyyaml==6.0.1
    # via pre-commit
    # via uvicorn
pyzmq==26.0.2
    # via ipykernel
    # via jupyter-client
    # via locust
referencing==0.35.0
    # via jsonschema
    # via jsonschema-specifications
requests==2.32.3
    # via aaa-image-enhancement
    # via locust
rpds-py==0.18.0
    # via jsonschema
    # via referencing
ruff==0.4.2
    # via aaa-image-enhancement
scikit-image==0.23.2
    # via aaa-image-enhancement
scikit-learn==1.4.2
    # via aaa-image-enhancement
scipy==1.13.0
    # via image-dehazer
    # via imagehash
    # via scikit-image
    # via scikit-learn
setuptools==69.5.1
    # via nodeenv
    # via zope-event
    # via zope-interface
six==1.16.0
    # via asttokens
    # via bleach
    # via python-dateutil
sniffio==1.3.1
    # via anyio
    # via httpx
soupsieve==2.5
    # via beautifulsoup4
stack-data==0.6.3
    # via ipython
starlette==0.37.2
    # via fastapi
sympy==1.12
    # via torch
threadpoolctl==3.4.0
    # via scikit-learn
tifffile==2024.4.24
    # via scikit-image
tinycss2==1.3.0
    # via nbconvert
torch==2.3.0
    # via aaa-image-enhancement
    # via torchvision
torchvision==0.18.0
    # via aaa-image-enhancement
tornado==6.4
    # via ipykernel
    # via jupyter-client
tqdm==4.66.2
    # via aaa-image-enhancement
traitlets==5.14.3
    # via comm
    # via ipykernel
    # via ipython
    # via ipywidgets
    # via jupyter-client
    # via jupyter-core
    # via matplotlib-inline
    # via nbclient
    # via nbconvert
    # via nbformat
typing-extensions==4.11.0
    # via fastapi
    # via mypy
    # via pydantic
    # via pydantic-core
    # via torch
tzdata==2024.1
    # via pandas
urllib3==2.2.1
    # via geventhttpclient
    # via requests
uvicorn==0.29.0
    # via aaa-image-enhancement
uvloop==0.19.0
    # via uvicorn
virtualenv==20.26.1
    # via pre-commit
watchfiles==0.21.0
    # via uvicorn
wcwidth==0.2.13
    # via prompt-toolkit
webencodings==0.5.1
    # via bleach
    # via tinycss2
websockets==12.0
    # via uvicorn
werkzeug==3.0.2
    # via flask
    # via flask-login
    # via locust
widgetsnbextension==4.0.10
    # via ipywidgets
zope-event==5.0
    # via gevent
zope-interface==6.4.post2
    # via gevent
