# generated by rye
# use `rye lock` or `rye sync` to update this lockfile
#
# last locked with the following flags:
#   pre: false
#   features: []
#   all-features: false
#   with-sources: false

-e file:.
appnope==0.1.4
    # via ipykernel
asttokens==2.4.1
    # via stack-data
beautifulsoup4==4.12.3
    # via aaa-image-enhancement
certifi==2024.2.2
    # via requests
charset-normalizer==3.3.2
    # via requests
comm==0.2.2
    # via ipykernel
contourpy==1.2.1
    # via matplotlib
cycler==0.12.1
    # via matplotlib
debugpy==1.8.1
    # via ipykernel
decorator==5.1.1
    # via ipython
executing==2.0.1
    # via stack-data
fonttools==4.51.0
    # via matplotlib
idna==3.7
    # via requests
imageio==2.34.0
    # via scikit-image
ipykernel==6.29.4
    # via aaa-image-enhancement
ipython==8.23.0
    # via ipykernel
jedi==0.19.1
    # via ipython
jupyter-client==8.6.1
    # via ipykernel
jupyter-core==5.7.2
    # via ipykernel
    # via jupyter-client
kiwisolver==1.4.5
    # via matplotlib
lazy-loader==0.4
    # via scikit-image
matplotlib==3.8.4
    # via aaa-image-enhancement
matplotlib-inline==0.1.6
    # via ipykernel
    # via ipython
nest-asyncio==1.6.0
    # via ipykernel
networkx==3.3
    # via scikit-image
numpy==1.26.4
    # via aaa-image-enhancement
    # via contourpy
    # via imageio
    # via matplotlib
    # via opencv-contrib-python
    # via opencv-python
    # via scikit-image
    # via scipy
    # via tifffile
opencv-contrib-python==4.9.0.80
    # via aaa-image-enhancement
opencv-python==4.9.0.80
    # via aaa-image-enhancement
packaging==24.0
    # via ipykernel
    # via lazy-loader
    # via matplotlib
    # via scikit-image
parso==0.8.4
    # via jedi
pexpect==4.9.0
    # via ipython
pillow==10.3.0
    # via imageio
    # via matplotlib
    # via scikit-image
pip==24.0
    # via aaa-image-enhancement
platformdirs==4.2.0
    # via jupyter-core
prompt-toolkit==3.0.43
    # via ipython
psutil==5.9.8
    # via ipykernel
ptyprocess==0.7.0
    # via pexpect
pure-eval==0.2.2
    # via stack-data
pygments==2.17.2
    # via ipython
pyparsing==3.1.2
    # via matplotlib
python-dateutil==2.9.0.post0
    # via jupyter-client
    # via matplotlib
pyzmq==25.1.2
    # via ipykernel
    # via jupyter-client
requests==2.31.0
    # via aaa-image-enhancement
scikit-image==0.23.1
    # via aaa-image-enhancement
scipy==1.13.0
    # via scikit-image
six==1.16.0
    # via asttokens
    # via python-dateutil
soupsieve==2.5
    # via beautifulsoup4
stack-data==0.6.3
    # via ipython
tifffile==2024.2.12
    # via scikit-image
tornado==6.4
    # via ipykernel
    # via jupyter-client
traitlets==5.14.2
    # via comm
    # via ipykernel
    # via ipython
    # via jupyter-client
    # via jupyter-core
    # via matplotlib-inline
urllib3==2.2.1
    # via requests
wcwidth==0.2.13
    # via prompt-toolkit
